
Microsoft Visual Studio Solution File, Format Version 12.00
# Visual Studio 11
Project("{FAE04EC0-301F-11D3-BF4B-00C04F79EFBC}") = "AlgoVis", "AlgoVis\AlgoVis.csproj", "{A71D4E2B-C8E7-4B83-A1E1-EE00D1E3837E}"
EndProject
Global
	GlobalSection(SolutionConfigurationPlatforms) = preSolution
		Debug|Any CPU = Debug|Any CPU
		Release|Any CPU = Release|Any CPU
	EndGlobalSection
	GlobalSection(ProjectConfigurationPlatforms) = postSolution
		{A71D4E2B-C8E7-4B83-A1E1-EE00D1E3837E}.Debug|Any CPU.ActiveCfg = Debug|Any CPU
		{A71D4E2B-C8E7-4B83-A1E1-EE00D1E3837E}.Debug|Any CPU.Build.0 = Debug|Any CPU
		{A71D4E2B-C8E7-4B83-A1E1-EE00D1E3837E}.Release|Any CPU.ActiveCfg = Release|Any CPU
		{A71D4E2B-C8E7-4B83-A1E1-EE00D1E3837E}.Release|Any CPU.Build.0 = Release|Any CPU
	EndGlobalSection
	GlobalSection(SolutionProperties) = preSolution
		HideSolutionNode = FALSE
	EndGlobalSection
EndGlobal
